{
  "name": "quest",
  "lockfileVersion": 3,
  "requires": true,
  "packages": {
    "": {
      "dependencies": {
        "@mercuryworkshop/bare-mux": "^2.1.9",
        "@mercuryworkshop/epoxy-transport": "^3.0.1"
      }
    },
    "node_modules/@mercuryworkshop/bare-mux": {
      "version": "2.1.9",
      "resolved": "https://registry.npmjs.org/@mercuryworkshop/bare-mux/-/bare-mux-2.1.9.tgz",
      "integrity": "sha512-fiOqWm3VP0Bl8T+0l+qnb7ab9zO+PpKVbtJvOnMsefUv6kWIaoDtqyr9hd/t4gA8oBwgtyZVqIwO2J9nKY9ylw=="
    },
    "node_modules/@mercuryworkshop/epoxy-tls": {
      "version": "2.1.19-1",
      "resolved": "https://registry.npmjs.org/@mercuryworkshop/epoxy-tls/-/epoxy-tls-2.1.19-1.tgz",
      "integrity": "sha512-lF3WVDmKDWfClgFaDm1OAGI6PStcUUKUjNh2AJbfmLXEGh+dT4nvsuTY2QGRImnajCboIRyrpx9eGNY0egZSVg==",
      "license": "AGPL-3.0-only"
    },
    "node_modules/@mercuryworkshop/epoxy-transport": {
      "version": "3.0.1",
      "resolved": "https://registry.npmjs.org/@mercuryworkshop/epoxy-transport/-/epoxy-transport-3.0.1.tgz",
      "integrity": "sha512-8YzL73WaXZJLBRydmmY6NNPt5leB8ygBYuqgLn4+pGQ+wgi+JUC7ZdBQrA86TR6Oue3twbdfDvLRp48bzZ7DSw==",
      "license": "AGPL-3.0-only",
      "dependencies": {
        "@mercuryworkshop/epoxy-tls": "2.1.19-1"
      }
    }
  }
}
